
Microsoft Visual Studio Solution File, Format Version 12.00
# Visual Studio Version 16
VisualStudioVersion = 16.0.32428.217
MinimumVisualStudioVersion = 10.0.40219.1
Project("{FAE04EC0-301F-11D3-BF4B-00C04F79EFBC}") = "day02_02", "day02_02\day02_02.csproj", "{F6AA5835-03BE-41FE-B28A-E73127139349}"
EndProject
Global
	GlobalSection(SolutionConfigurationPlatforms) = preSolution
		Debug|Any CPU = Debug|Any CPU
		Release|Any CPU = Release|Any CPU
	EndGlobalSection
	GlobalSection(ProjectConfigurationPlatforms) = postSolution
		{F6AA5835-03BE-41FE-B28A-E73127139349}.Debug|Any CPU.ActiveCfg = Debug|Any CPU
		{F6AA5835-03BE-41FE-B28A-E73127139349}.Debug|Any CPU.Build.0 = Debug|Any CPU
		{F6AA5835-03BE-41FE-B28A-E73127139349}.Release|Any CPU.ActiveCfg = Release|Any CPU
		{F6AA5835-03BE-41FE-B28A-E73127139349}.Release|Any CPU.Build.0 = Release|Any CPU
	EndGlobalSection
	GlobalSection(SolutionProperties) = preSolution
		HideSolutionNode = FALSE
	EndGlobalSection
	GlobalSection(ExtensibilityGlobals) = postSolution
		SolutionGuid = {C756B33F-9091-4EFB-BB64-76AFDB589996}
	EndGlobalSection
EndGlobal
